
Microsoft Visual Studio Solution File, Format Version 12.00
# Visual Studio 15
VisualStudioVersion = 15.0.27428.2037
MinimumVisualStudioVersion = 10.0.40219.1
Project("{9A19103F-16F7-4668-BE54-9A1E7A4F7556}") = "AppRunner", "AppRunner\AppRunner.csproj", "{7D276299-2CB9-497C-B5B5-64F9A3A75BBE}"
EndProject
Project("{9A19103F-16F7-4668-BE54-9A1E7A4F7556}") = "Unosquare.RaspberryIO", "Unosquare.RaspberryIO\Unosquare.RaspberryIO.csproj", "{2461CDA6-E402-4D0E-A96A-7C9BE4F4C82D}"
EndProject
Project("{FAE04EC0-301F-11D3-BF4B-00C04F79EFBC}") = "AutoGarden", "AutoGarden\AutoGarden.csproj", "{B55137DA-73C4-4F2A-AAB0-6F51504B3037}"
EndProject
Global
	GlobalSection(SolutionConfigurationPlatforms) = preSolution
		Debug|Any CPU = Debug|Any CPU
		Debug|ARM = Debug|ARM
		Debug|x64 = Debug|x64
		Debug|x86 = Debug|x86
		Release|Any CPU = Release|Any CPU
		Release|ARM = Release|ARM
		Release|x64 = Release|x64
		Release|x86 = Release|x86
	EndGlobalSection
	GlobalSection(ProjectConfigurationPlatforms) = postSolution
		{7D276299-2CB9-497C-B5B5-64F9A3A75BBE}.Debug|Any CPU.ActiveCfg = Debug|Any CPU
		{7D276299-2CB9-497C-B5B5-64F9A3A75BBE}.Debug|Any CPU.Build.0 = Debug|Any CPU
		{7D276299-2CB9-497C-B5B5-64F9A3A75BBE}.Debug|ARM.ActiveCfg = Debug|Any CPU
		{7D276299-2CB9-497C-B5B5-64F9A3A75BBE}.Debug|ARM.Build.0 = Debug|Any CPU
		{7D276299-2CB9-497C-B5B5-64F9A3A75BBE}.Debug|x64.ActiveCfg = Debug|Any CPU
		{7D276299-2CB9-497C-B5B5-64F9A3A75BBE}.Debug|x64.Build.0 = Debug|Any CPU
		{7D276299-2CB9-497C-B5B5-64F9A3A75BBE}.Debug|x86.ActiveCfg = Debug|Any CPU
		{7D276299-2CB9-497C-B5B5-64F9A3A75BBE}.Debug|x86.Build.0 = Debug|Any CPU
		{7D276299-2CB9-497C-B5B5-64F9A3A75BBE}.Release|Any CPU.ActiveCfg = Release|Any CPU
		{7D276299-2CB9-497C-B5B5-64F9A3A75BBE}.Release|Any CPU.Build.0 = Release|Any CPU
		{7D276299-2CB9-497C-B5B5-64F9A3A75BBE}.Release|ARM.ActiveCfg = Release|Any CPU
		{7D276299-2CB9-497C-B5B5-64F9A3A75BBE}.Release|ARM.Build.0 = Release|Any CPU
		{7D276299-2CB9-497C-B5B5-64F9A3A75BBE}.Release|x64.ActiveCfg = Release|Any CPU
		{7D276299-2CB9-497C-B5B5-64F9A3A75BBE}.Release|x64.Build.0 = Release|Any CPU
		{7D276299-2CB9-497C-B5B5-64F9A3A75BBE}.Release|x86.ActiveCfg = Release|Any CPU
		{7D276299-2CB9-497C-B5B5-64F9A3A75BBE}.Release|x86.Build.0 = Release|Any CPU
		{2461CDA6-E402-4D0E-A96A-7C9BE4F4C82D}.Debug|Any CPU.ActiveCfg = Debug|Any CPU
		{2461CDA6-E402-4D0E-A96A-7C9BE4F4C82D}.Debug|Any CPU.Build.0 = Debug|Any CPU
		{2461CDA6-E402-4D0E-A96A-7C9BE4F4C82D}.Debug|ARM.ActiveCfg = Debug|Any CPU
		{2461CDA6-E402-4D0E-A96A-7C9BE4F4C82D}.Debug|ARM.Build.0 = Debug|Any CPU
		{2461CDA6-E402-4D0E-A96A-7C9BE4F4C82D}.Debug|x64.ActiveCfg = Debug|Any CPU
		{2461CDA6-E402-4D0E-A96A-7C9BE4F4C82D}.Debug|x64.Build.0 = Debug|Any CPU
		{2461CDA6-E402-4D0E-A96A-7C9BE4F4C82D}.Debug|x86.ActiveCfg = Debug|Any CPU
		{2461CDA6-E402-4D0E-A96A-7C9BE4F4C82D}.Debug|x86.Build.0 = Debug|Any CPU
		{2461CDA6-E402-4D0E-A96A-7C9BE4F4C82D}.Release|Any CPU.ActiveCfg = Release|Any CPU
		{2461CDA6-E402-4D0E-A96A-7C9BE4F4C82D}.Release|Any CPU.Build.0 = Release|Any CPU
		{2461CDA6-E402-4D0E-A96A-7C9BE4F4C82D}.Release|ARM.ActiveCfg = Release|Any CPU
		{2461CDA6-E402-4D0E-A96A-7C9BE4F4C82D}.Release|ARM.Build.0 = Release|Any CPU
		{2461CDA6-E402-4D0E-A96A-7C9BE4F4C82D}.Release|x64.ActiveCfg = Release|Any CPU
		{2461CDA6-E402-4D0E-A96A-7C9BE4F4C82D}.Release|x64.Build.0 = Release|Any CPU
		{2461CDA6-E402-4D0E-A96A-7C9BE4F4C82D}.Release|x86.ActiveCfg = Release|Any CPU
		{2461CDA6-E402-4D0E-A96A-7C9BE4F4C82D}.Release|x86.Build.0 = Release|Any CPU
		{B55137DA-73C4-4F2A-AAB0-6F51504B3037}.Debug|Any CPU.ActiveCfg = Debug|Any CPU
		{B55137DA-73C4-4F2A-AAB0-6F51504B3037}.Debug|Any CPU.Build.0 = Debug|Any CPU
		{B55137DA-73C4-4F2A-AAB0-6F51504B3037}.Debug|ARM.ActiveCfg = Debug|Any CPU
		{B55137DA-73C4-4F2A-AAB0-6F51504B3037}.Debug|ARM.Build.0 = Debug|Any CPU
		{B55137DA-73C4-4F2A-AAB0-6F51504B3037}.Debug|x64.ActiveCfg = Debug|Any CPU
		{B55137DA-73C4-4F2A-AAB0-6F51504B3037}.Debug|x64.Build.0 = Debug|Any CPU
		{B55137DA-73C4-4F2A-AAB0-6F51504B3037}.Debug|x86.ActiveCfg = Debug|Any CPU
		{B55137DA-73C4-4F2A-AAB0-6F51504B3037}.Debug|x86.Build.0 = Debug|Any CPU
		{B55137DA-73C4-4F2A-AAB0-6F51504B3037}.Release|Any CPU.ActiveCfg = Release|Any CPU
		{B55137DA-73C4-4F2A-AAB0-6F51504B3037}.Release|Any CPU.Build.0 = Release|Any CPU
		{B55137DA-73C4-4F2A-AAB0-6F51504B3037}.Release|ARM.ActiveCfg = Release|Any CPU
		{B55137DA-73C4-4F2A-AAB0-6F51504B3037}.Release|ARM.Build.0 = Release|Any CPU
		{B55137DA-73C4-4F2A-AAB0-6F51504B3037}.Release|x64.ActiveCfg = Release|Any CPU
		{B55137DA-73C4-4F2A-AAB0-6F51504B3037}.Release|x64.Build.0 = Release|Any CPU
		{B55137DA-73C4-4F2A-AAB0-6F51504B3037}.Release|x86.ActiveCfg = Release|Any CPU
		{B55137DA-73C4-4F2A-AAB0-6F51504B3037}.Release|x86.Build.0 = Release|Any CPU
	EndGlobalSection
	GlobalSection(SolutionProperties) = preSolution
		HideSolutionNode = FALSE
	EndGlobalSection
	GlobalSection(ExtensibilityGlobals) = postSolution
		SolutionGuid = {30BF1E5D-F232-47F1-870F-3DA02D49FBCE}
	EndGlobalSection
EndGlobal
