
Microsoft Visual Studio Solution File, Format Version 12.00
# Visual Studio Version 16
VisualStudioVersion = 16.0.28407.52
MinimumVisualStudioVersion = 10.0.40219.1
Project("{9A19103F-16F7-4668-BE54-9A1E7A4F7556}") = "AppRunner", "AppRunner\AppRunner.csproj", "{7D276299-2CB9-497C-B5B5-64F9A3A75BBE}"
EndProject
Project("{9A19103F-16F7-4668-BE54-9A1E7A4F7556}") = "Unosquare.RaspberryIO", "Unosquare.RaspberryIO\Unosquare.RaspberryIO.csproj", "{2461CDA6-E402-4D0E-A96A-7C9BE4F4C82D}"
EndProject
Project("{9A19103F-16F7-4668-BE54-9A1E7A4F7556}") = "AutoGarden", "AutoGarden\AutoGarden.csproj", "{07A21047-4FA6-4AE2-AFC2-650FD6993E18}"
EndProject
Project("{9A19103F-16F7-4668-BE54-9A1E7A4F7556}") = "AutoGarden.Database", "AutoGarden.Database\AutoGarden.Database.csproj", "{2EE296CA-5EFA-40E2-B537-9503B4F05016}"
EndProject
Project("{9A19103F-16F7-4668-BE54-9A1E7A4F7556}") = "AutoGarden.Utility", "AutoGarden.Utility\AutoGarden.Utility.csproj", "{CDD2E6CD-5149-4F6C-B0ED-91CEB998E8E2}"
EndProject
Project("{9A19103F-16F7-4668-BE54-9A1E7A4F7556}") = "AutoGarden.Api.Contracts", "AutoGarden.Api.Contracts\AutoGarden.Api.Contracts.csproj", "{1064E6A9-06A8-415F-BEB4-191692E465E9}"
EndProject
Project("{9A19103F-16F7-4668-BE54-9A1E7A4F7556}") = "AutoGarden.Blazor.Components", "AutoGarden.Blazor.Components\AutoGarden.Blazor.Components.csproj", "{6F560542-F5C5-48FF-AF5B-D8EA75E2A401}"
EndProject
Project("{FAE04EC0-301F-11D3-BF4B-00C04F79EFBC}") = "AutoGarden.RaspPi", "AutoGarden.RaspPi\AutoGarden.RaspPi.csproj", "{12001F8A-39AB-4190-A25D-DAD910DB633B}"
EndProject
Global
	GlobalSection(SolutionConfigurationPlatforms) = preSolution
		Debug|Any CPU = Debug|Any CPU
		Debug|ARM = Debug|ARM
		Debug|x64 = Debug|x64
		Debug|x86 = Debug|x86
		Release|Any CPU = Release|Any CPU
		Release|ARM = Release|ARM
		Release|x64 = Release|x64
		Release|x86 = Release|x86
	EndGlobalSection
	GlobalSection(ProjectConfigurationPlatforms) = postSolution
		{7D276299-2CB9-497C-B5B5-64F9A3A75BBE}.Debug|Any CPU.ActiveCfg = Debug|Any CPU
		{7D276299-2CB9-497C-B5B5-64F9A3A75BBE}.Debug|Any CPU.Build.0 = Debug|Any CPU
		{7D276299-2CB9-497C-B5B5-64F9A3A75BBE}.Debug|ARM.ActiveCfg = Debug|Any CPU
		{7D276299-2CB9-497C-B5B5-64F9A3A75BBE}.Debug|ARM.Build.0 = Debug|Any CPU
		{7D276299-2CB9-497C-B5B5-64F9A3A75BBE}.Debug|x64.ActiveCfg = Debug|Any CPU
		{7D276299-2CB9-497C-B5B5-64F9A3A75BBE}.Debug|x64.Build.0 = Debug|Any CPU
		{7D276299-2CB9-497C-B5B5-64F9A3A75BBE}.Debug|x86.ActiveCfg = Debug|Any CPU
		{7D276299-2CB9-497C-B5B5-64F9A3A75BBE}.Debug|x86.Build.0 = Debug|Any CPU
		{7D276299-2CB9-497C-B5B5-64F9A3A75BBE}.Release|Any CPU.ActiveCfg = Release|Any CPU
		{7D276299-2CB9-497C-B5B5-64F9A3A75BBE}.Release|Any CPU.Build.0 = Release|Any CPU
		{7D276299-2CB9-497C-B5B5-64F9A3A75BBE}.Release|ARM.ActiveCfg = Release|Any CPU
		{7D276299-2CB9-497C-B5B5-64F9A3A75BBE}.Release|ARM.Build.0 = Release|Any CPU
		{7D276299-2CB9-497C-B5B5-64F9A3A75BBE}.Release|x64.ActiveCfg = Release|Any CPU
		{7D276299-2CB9-497C-B5B5-64F9A3A75BBE}.Release|x64.Build.0 = Release|Any CPU
		{7D276299-2CB9-497C-B5B5-64F9A3A75BBE}.Release|x86.ActiveCfg = Release|Any CPU
		{7D276299-2CB9-497C-B5B5-64F9A3A75BBE}.Release|x86.Build.0 = Release|Any CPU
		{2461CDA6-E402-4D0E-A96A-7C9BE4F4C82D}.Debug|Any CPU.ActiveCfg = Debug|Any CPU
		{2461CDA6-E402-4D0E-A96A-7C9BE4F4C82D}.Debug|Any CPU.Build.0 = Debug|Any CPU
		{2461CDA6-E402-4D0E-A96A-7C9BE4F4C82D}.Debug|ARM.ActiveCfg = Debug|Any CPU
		{2461CDA6-E402-4D0E-A96A-7C9BE4F4C82D}.Debug|ARM.Build.0 = Debug|Any CPU
		{2461CDA6-E402-4D0E-A96A-7C9BE4F4C82D}.Debug|x64.ActiveCfg = Debug|Any CPU
		{2461CDA6-E402-4D0E-A96A-7C9BE4F4C82D}.Debug|x64.Build.0 = Debug|Any CPU
		{2461CDA6-E402-4D0E-A96A-7C9BE4F4C82D}.Debug|x86.ActiveCfg = Debug|Any CPU
		{2461CDA6-E402-4D0E-A96A-7C9BE4F4C82D}.Debug|x86.Build.0 = Debug|Any CPU
		{2461CDA6-E402-4D0E-A96A-7C9BE4F4C82D}.Release|Any CPU.ActiveCfg = Release|Any CPU
		{2461CDA6-E402-4D0E-A96A-7C9BE4F4C82D}.Release|Any CPU.Build.0 = Release|Any CPU
		{2461CDA6-E402-4D0E-A96A-7C9BE4F4C82D}.Release|ARM.ActiveCfg = Release|Any CPU
		{2461CDA6-E402-4D0E-A96A-7C9BE4F4C82D}.Release|ARM.Build.0 = Release|Any CPU
		{2461CDA6-E402-4D0E-A96A-7C9BE4F4C82D}.Release|x64.ActiveCfg = Release|Any CPU
		{2461CDA6-E402-4D0E-A96A-7C9BE4F4C82D}.Release|x64.Build.0 = Release|Any CPU
		{2461CDA6-E402-4D0E-A96A-7C9BE4F4C82D}.Release|x86.ActiveCfg = Release|Any CPU
		{2461CDA6-E402-4D0E-A96A-7C9BE4F4C82D}.Release|x86.Build.0 = Release|Any CPU
		{07A21047-4FA6-4AE2-AFC2-650FD6993E18}.Debug|Any CPU.ActiveCfg = Debug|Any CPU
		{07A21047-4FA6-4AE2-AFC2-650FD6993E18}.Debug|Any CPU.Build.0 = Debug|Any CPU
		{07A21047-4FA6-4AE2-AFC2-650FD6993E18}.Debug|ARM.ActiveCfg = Debug|Any CPU
		{07A21047-4FA6-4AE2-AFC2-650FD6993E18}.Debug|ARM.Build.0 = Debug|Any CPU
		{07A21047-4FA6-4AE2-AFC2-650FD6993E18}.Debug|x64.ActiveCfg = Debug|Any CPU
		{07A21047-4FA6-4AE2-AFC2-650FD6993E18}.Debug|x64.Build.0 = Debug|Any CPU
		{07A21047-4FA6-4AE2-AFC2-650FD6993E18}.Debug|x86.ActiveCfg = Debug|Any CPU
		{07A21047-4FA6-4AE2-AFC2-650FD6993E18}.Debug|x86.Build.0 = Debug|Any CPU
		{07A21047-4FA6-4AE2-AFC2-650FD6993E18}.Release|Any CPU.ActiveCfg = Release|Any CPU
		{07A21047-4FA6-4AE2-AFC2-650FD6993E18}.Release|Any CPU.Build.0 = Release|Any CPU
		{07A21047-4FA6-4AE2-AFC2-650FD6993E18}.Release|ARM.ActiveCfg = Release|Any CPU
		{07A21047-4FA6-4AE2-AFC2-650FD6993E18}.Release|ARM.Build.0 = Release|Any CPU
		{07A21047-4FA6-4AE2-AFC2-650FD6993E18}.Release|x64.ActiveCfg = Release|Any CPU
		{07A21047-4FA6-4AE2-AFC2-650FD6993E18}.Release|x64.Build.0 = Release|Any CPU
		{07A21047-4FA6-4AE2-AFC2-650FD6993E18}.Release|x86.ActiveCfg = Release|Any CPU
		{07A21047-4FA6-4AE2-AFC2-650FD6993E18}.Release|x86.Build.0 = Release|Any CPU
		{2EE296CA-5EFA-40E2-B537-9503B4F05016}.Debug|Any CPU.ActiveCfg = Debug|Any CPU
		{2EE296CA-5EFA-40E2-B537-9503B4F05016}.Debug|Any CPU.Build.0 = Debug|Any CPU
		{2EE296CA-5EFA-40E2-B537-9503B4F05016}.Debug|ARM.ActiveCfg = Debug|Any CPU
		{2EE296CA-5EFA-40E2-B537-9503B4F05016}.Debug|ARM.Build.0 = Debug|Any CPU
		{2EE296CA-5EFA-40E2-B537-9503B4F05016}.Debug|x64.ActiveCfg = Debug|Any CPU
		{2EE296CA-5EFA-40E2-B537-9503B4F05016}.Debug|x64.Build.0 = Debug|Any CPU
		{2EE296CA-5EFA-40E2-B537-9503B4F05016}.Debug|x86.ActiveCfg = Debug|Any CPU
		{2EE296CA-5EFA-40E2-B537-9503B4F05016}.Debug|x86.Build.0 = Debug|Any CPU
		{2EE296CA-5EFA-40E2-B537-9503B4F05016}.Release|Any CPU.ActiveCfg = Release|Any CPU
		{2EE296CA-5EFA-40E2-B537-9503B4F05016}.Release|Any CPU.Build.0 = Release|Any CPU
		{2EE296CA-5EFA-40E2-B537-9503B4F05016}.Release|ARM.ActiveCfg = Release|Any CPU
		{2EE296CA-5EFA-40E2-B537-9503B4F05016}.Release|ARM.Build.0 = Release|Any CPU
		{2EE296CA-5EFA-40E2-B537-9503B4F05016}.Release|x64.ActiveCfg = Release|Any CPU
		{2EE296CA-5EFA-40E2-B537-9503B4F05016}.Release|x64.Build.0 = Release|Any CPU
		{2EE296CA-5EFA-40E2-B537-9503B4F05016}.Release|x86.ActiveCfg = Release|Any CPU
		{2EE296CA-5EFA-40E2-B537-9503B4F05016}.Release|x86.Build.0 = Release|Any CPU
		{CDD2E6CD-5149-4F6C-B0ED-91CEB998E8E2}.Debug|Any CPU.ActiveCfg = Debug|Any CPU
		{CDD2E6CD-5149-4F6C-B0ED-91CEB998E8E2}.Debug|Any CPU.Build.0 = Debug|Any CPU
		{CDD2E6CD-5149-4F6C-B0ED-91CEB998E8E2}.Debug|ARM.ActiveCfg = Debug|Any CPU
		{CDD2E6CD-5149-4F6C-B0ED-91CEB998E8E2}.Debug|ARM.Build.0 = Debug|Any CPU
		{CDD2E6CD-5149-4F6C-B0ED-91CEB998E8E2}.Debug|x64.ActiveCfg = Debug|Any CPU
		{CDD2E6CD-5149-4F6C-B0ED-91CEB998E8E2}.Debug|x64.Build.0 = Debug|Any CPU
		{CDD2E6CD-5149-4F6C-B0ED-91CEB998E8E2}.Debug|x86.ActiveCfg = Debug|Any CPU
		{CDD2E6CD-5149-4F6C-B0ED-91CEB998E8E2}.Debug|x86.Build.0 = Debug|Any CPU
		{CDD2E6CD-5149-4F6C-B0ED-91CEB998E8E2}.Release|Any CPU.ActiveCfg = Release|Any CPU
		{CDD2E6CD-5149-4F6C-B0ED-91CEB998E8E2}.Release|Any CPU.Build.0 = Release|Any CPU
		{CDD2E6CD-5149-4F6C-B0ED-91CEB998E8E2}.Release|ARM.ActiveCfg = Release|Any CPU
		{CDD2E6CD-5149-4F6C-B0ED-91CEB998E8E2}.Release|ARM.Build.0 = Release|Any CPU
		{CDD2E6CD-5149-4F6C-B0ED-91CEB998E8E2}.Release|x64.ActiveCfg = Release|Any CPU
		{CDD2E6CD-5149-4F6C-B0ED-91CEB998E8E2}.Release|x64.Build.0 = Release|Any CPU
		{CDD2E6CD-5149-4F6C-B0ED-91CEB998E8E2}.Release|x86.ActiveCfg = Release|Any CPU
		{CDD2E6CD-5149-4F6C-B0ED-91CEB998E8E2}.Release|x86.Build.0 = Release|Any CPU
		{1064E6A9-06A8-415F-BEB4-191692E465E9}.Debug|Any CPU.ActiveCfg = Debug|Any CPU
		{1064E6A9-06A8-415F-BEB4-191692E465E9}.Debug|Any CPU.Build.0 = Debug|Any CPU
		{1064E6A9-06A8-415F-BEB4-191692E465E9}.Debug|ARM.ActiveCfg = Debug|Any CPU
		{1064E6A9-06A8-415F-BEB4-191692E465E9}.Debug|ARM.Build.0 = Debug|Any CPU
		{1064E6A9-06A8-415F-BEB4-191692E465E9}.Debug|x64.ActiveCfg = Debug|Any CPU
		{1064E6A9-06A8-415F-BEB4-191692E465E9}.Debug|x64.Build.0 = Debug|Any CPU
		{1064E6A9-06A8-415F-BEB4-191692E465E9}.Debug|x86.ActiveCfg = Debug|Any CPU
		{1064E6A9-06A8-415F-BEB4-191692E465E9}.Debug|x86.Build.0 = Debug|Any CPU
		{1064E6A9-06A8-415F-BEB4-191692E465E9}.Release|Any CPU.ActiveCfg = Release|Any CPU
		{1064E6A9-06A8-415F-BEB4-191692E465E9}.Release|Any CPU.Build.0 = Release|Any CPU
		{1064E6A9-06A8-415F-BEB4-191692E465E9}.Release|ARM.ActiveCfg = Release|Any CPU
		{1064E6A9-06A8-415F-BEB4-191692E465E9}.Release|ARM.Build.0 = Release|Any CPU
		{1064E6A9-06A8-415F-BEB4-191692E465E9}.Release|x64.ActiveCfg = Release|Any CPU
		{1064E6A9-06A8-415F-BEB4-191692E465E9}.Release|x64.Build.0 = Release|Any CPU
		{1064E6A9-06A8-415F-BEB4-191692E465E9}.Release|x86.ActiveCfg = Release|Any CPU
		{1064E6A9-06A8-415F-BEB4-191692E465E9}.Release|x86.Build.0 = Release|Any CPU
		{6F560542-F5C5-48FF-AF5B-D8EA75E2A401}.Debug|Any CPU.ActiveCfg = Debug|Any CPU
		{6F560542-F5C5-48FF-AF5B-D8EA75E2A401}.Debug|Any CPU.Build.0 = Debug|Any CPU
		{6F560542-F5C5-48FF-AF5B-D8EA75E2A401}.Debug|ARM.ActiveCfg = Debug|Any CPU
		{6F560542-F5C5-48FF-AF5B-D8EA75E2A401}.Debug|ARM.Build.0 = Debug|Any CPU
		{6F560542-F5C5-48FF-AF5B-D8EA75E2A401}.Debug|x64.ActiveCfg = Debug|Any CPU
		{6F560542-F5C5-48FF-AF5B-D8EA75E2A401}.Debug|x64.Build.0 = Debug|Any CPU
		{6F560542-F5C5-48FF-AF5B-D8EA75E2A401}.Debug|x86.ActiveCfg = Debug|Any CPU
		{6F560542-F5C5-48FF-AF5B-D8EA75E2A401}.Debug|x86.Build.0 = Debug|Any CPU
		{6F560542-F5C5-48FF-AF5B-D8EA75E2A401}.Release|Any CPU.ActiveCfg = Release|Any CPU
		{6F560542-F5C5-48FF-AF5B-D8EA75E2A401}.Release|Any CPU.Build.0 = Release|Any CPU
		{6F560542-F5C5-48FF-AF5B-D8EA75E2A401}.Release|ARM.ActiveCfg = Release|Any CPU
		{6F560542-F5C5-48FF-AF5B-D8EA75E2A401}.Release|ARM.Build.0 = Release|Any CPU
		{6F560542-F5C5-48FF-AF5B-D8EA75E2A401}.Release|x64.ActiveCfg = Release|Any CPU
		{6F560542-F5C5-48FF-AF5B-D8EA75E2A401}.Release|x64.Build.0 = Release|Any CPU
		{6F560542-F5C5-48FF-AF5B-D8EA75E2A401}.Release|x86.ActiveCfg = Release|Any CPU
		{6F560542-F5C5-48FF-AF5B-D8EA75E2A401}.Release|x86.Build.0 = Release|Any CPU
		{12001F8A-39AB-4190-A25D-DAD910DB633B}.Debug|Any CPU.ActiveCfg = Debug|Any CPU
		{12001F8A-39AB-4190-A25D-DAD910DB633B}.Debug|Any CPU.Build.0 = Debug|Any CPU
		{12001F8A-39AB-4190-A25D-DAD910DB633B}.Debug|ARM.ActiveCfg = Debug|Any CPU
		{12001F8A-39AB-4190-A25D-DAD910DB633B}.Debug|ARM.Build.0 = Debug|Any CPU
		{12001F8A-39AB-4190-A25D-DAD910DB633B}.Debug|x64.ActiveCfg = Debug|Any CPU
		{12001F8A-39AB-4190-A25D-DAD910DB633B}.Debug|x64.Build.0 = Debug|Any CPU
		{12001F8A-39AB-4190-A25D-DAD910DB633B}.Debug|x86.ActiveCfg = Debug|Any CPU
		{12001F8A-39AB-4190-A25D-DAD910DB633B}.Debug|x86.Build.0 = Debug|Any CPU
		{12001F8A-39AB-4190-A25D-DAD910DB633B}.Release|Any CPU.ActiveCfg = Release|Any CPU
		{12001F8A-39AB-4190-A25D-DAD910DB633B}.Release|Any CPU.Build.0 = Release|Any CPU
		{12001F8A-39AB-4190-A25D-DAD910DB633B}.Release|ARM.ActiveCfg = Release|Any CPU
		{12001F8A-39AB-4190-A25D-DAD910DB633B}.Release|ARM.Build.0 = Release|Any CPU
		{12001F8A-39AB-4190-A25D-DAD910DB633B}.Release|x64.ActiveCfg = Release|Any CPU
		{12001F8A-39AB-4190-A25D-DAD910DB633B}.Release|x64.Build.0 = Release|Any CPU
		{12001F8A-39AB-4190-A25D-DAD910DB633B}.Release|x86.ActiveCfg = Release|Any CPU
		{12001F8A-39AB-4190-A25D-DAD910DB633B}.Release|x86.Build.0 = Release|Any CPU
	EndGlobalSection
	GlobalSection(SolutionProperties) = preSolution
		HideSolutionNode = FALSE
	EndGlobalSection
	GlobalSection(ExtensibilityGlobals) = postSolution
		SolutionGuid = {30BF1E5D-F232-47F1-870F-3DA02D49FBCE}
	EndGlobalSection
EndGlobal
